{
  "name": "@repo/pacman-canvas",
  "lockfileVersion": 3,
  "requires": true,
  "packages": {
    "": {
      "name": "@repo/pacman-canvas",
      "dependencies": {
        "jquery": "^3.7.1",
        "react": "^18.2.0",
        "svg64": "^2.0.0",
        "typescript": "latest"
      },
      "devDependencies": {
        "@types/jquery": "^3.5.29",
        "@types/svg64": "^1.1.2"
      }
    },
    "../../node_modules/.pnpm/@types+jquery@3.5.29/node_modules/@types/jquery": {
      "version": "3.5.29",
      "dev": true,
      "license": "MIT",
      "dependencies": {
        "@types/sizzle": "*"
      }
    },
    "../../node_modules/.pnpm/jquery@3.7.1/node_modules/jquery": {
      "version": "3.7.1",
      "license": "MIT",
      "devDependencies": {
        "@babel/core": "7.3.3",
        "@babel/plugin-transform-for-of": "7.2.0",
        "bootstrap": "5.3.0",
        "colors": "1.4.0",
        "commitplease": "3.2.0",
        "core-js": "2.6.5",
        "eslint-config-jquery": "3.0.0",
        "grunt": "1.5.3",
        "grunt-babel": "8.0.0",
        "grunt-cli": "1.4.3",
        "grunt-compare-size": "0.4.2",
        "grunt-contrib-uglify": "3.4.0",
        "grunt-contrib-watch": "1.1.0",
        "grunt-eslint": "22.0.0",
        "grunt-git-authors": "3.2.0",
        "grunt-jsonlint": "2.1.2",
        "grunt-karma": "4.0.2",
        "grunt-newer": "1.3.0",
        "grunt-npmcopy": "0.2.0",
        "gzip-js": "0.3.2",
        "husky": "4.2.5",
        "jsdom": "19.0.0",
        "karma": "6.4.1",
        "karma-browserstack-launcher": "1.6.0",
        "karma-chrome-launcher": "3.1.1",
        "karma-firefox-launcher": "2.1.2",
        "karma-ie-launcher": "1.0.0",
        "karma-jsdom-launcher": "12.0.0",
        "karma-qunit": "4.1.2",
        "karma-webkit-launcher": "2.1.0",
        "load-grunt-tasks": "5.1.0",
        "native-promise-only": "0.8.1",
        "playwright-webkit": "1.30.0",
        "promises-aplus-tests": "2.1.2",
        "q": "1.5.1",
        "qunit": "2.9.2",
        "raw-body": "2.3.3",
        "requirejs": "2.3.6",
        "sinon": "2.3.7",
        "strip-json-comments": "2.0.1",
        "testswarm": "1.1.2",
        "uglify-js": "3.4.7"
      }
    },
    "../../node_modules/.pnpm/react@18.2.0/node_modules/react": {
      "version": "18.2.0",
      "license": "MIT",
      "dependencies": {
        "loose-envify": "^1.1.0"
      },
      "engines": {
        "node": ">=0.10.0"
      }
    },
    "../../node_modules/.pnpm/svg64@2.0.0/node_modules/svg64": {
      "version": "2.0.0",
      "license": "MIT",
      "devDependencies": {
        "microbundle": "0.15.1"
      },
      "funding": {
        "url": "https://github.com/sponsors/scriptex"
      }
    },
    "node_modules/@types/jquery": {
      "resolved": "../../node_modules/.pnpm/@types+jquery@3.5.29/node_modules/@types/jquery",
      "link": true
    },
    "node_modules/@types/svg64": {
      "version": "1.1.2",
      "resolved": "https://registry.npmjs.org/@types/svg64/-/svg64-1.1.2.tgz",
      "integrity": "sha512-kIsgEdYo12kMpR7bD0r3eGEp3Pen9c8HH5H7w+2iWxanwrt7h3QWua8ujjkDE8BpKAatAYI9lE9k7rF4USMUAg==",
      "dev": true
    },
    "node_modules/jquery": {
      "resolved": "../../node_modules/.pnpm/jquery@3.7.1/node_modules/jquery",
      "link": true
    },
    "node_modules/react": {
      "resolved": "../../node_modules/.pnpm/react@18.2.0/node_modules/react",
      "link": true
    },
    "node_modules/svg64": {
      "resolved": "../../node_modules/.pnpm/svg64@2.0.0/node_modules/svg64",
      "link": true
    },
    "node_modules/typescript": {
      "version": "5.3.3",
      "resolved": "https://registry.npmjs.org/typescript/-/typescript-5.3.3.tgz",
      "integrity": "sha512-pXWcraxM0uxAS+tN0AG/BF2TyqmHO014Z070UsJ+pFvYuRSq8KH8DmWpnbXe0pEPDHXZV3FcAbJkijJ5oNEnWw==",
      "bin": {
        "tsc": "bin/tsc",
        "tsserver": "bin/tsserver"
      },
      "engines": {
        "node": ">=14.17"
      }
    }
  }
}
